// !$*UTF8*$!
{
	archiveVersion = 1;
	classes = {
	};
	objectVersion = 46;
	objects = {

/* Begin PBXBuildFile section */
		D00CC7191D272A0F00A0AFE2 /* main.m in Sources */ = {isa = PBXBuildFile; fileRef = D00CC7181D272A0F00A0AFE2 /* main.m */; };
		D00CC71C1D272A0F00A0AFE2 /* AppDelegate.m in Sources */ = {isa = PBXBuildFile; fileRef = D00CC71B1D272A0F00A0AFE2 /* AppDelegate.m */; };
		D00CC71F1D272A0F00A0AFE2 /* ViewController.m in Sources */ = {isa = PBXBuildFile; fileRef = D00CC71E1D272A0F00A0AFE2 /* ViewController.m */; };
		D00CC7221D272A0F00A0AFE2 /* Main.storyboard in Resources */ = {isa = PBXBuildFile; fileRef = D00CC7201D272A0F00A0AFE2 /* Main.storyboard */; };
		D00CC7241D272A0F00A0AFE2 /* Assets.xcassets in Resources */ = {isa = PBXBuildFile; fileRef = D00CC7231D272A0F00A0AFE2 /* Assets.xcassets */; };
		D00CC7271D272A0F00A0AFE2 /* LaunchScreen.storyboard in Resources */ = {isa = PBXBuildFile; fileRef = D00CC7251D272A0F00A0AFE2 /* LaunchScreen.storyboard */; };
		D00CC7301D272A9900A0AFE2 /* ImageViewController.m in Sources */ = {isa = PBXBuildFile; fileRef = D00CC72F1D272A9900A0AFE2 /* ImageViewController.m */; };
/* End PBXBuildFile section */

/* Begin PBXFileReference section */
		D00CC7141D272A0E00A0AFE2 /* Imaginarium.app */ = {isa = PBXFileReference; explicitFileType = wrapper.application; includeInIndex = 0; path = Imaginarium.app; sourceTree = BUILT_PRODUCTS_DIR; };
		D00CC7181D272A0F00A0AFE2 /* main.m */ = {isa = PBXFileReference; lastKnownFileType = sourcecode.c.objc; path = main.m; sourceTree = "<group>"; };
		D00CC71A1D272A0F00A0AFE2 /* AppDelegate.h */ = {isa = PBXFileReference; lastKnownFileType = sourcecode.c.h; path = AppDelegate.h; sourceTree = "<group>"; };
		D00CC71B1D272A0F00A0AFE2 /* AppDelegate.m */ = {isa = PBXFileReference; lastKnownFileType = sourcecode.c.objc; path = AppDelegate.m; sourceTree = "<group>"; };
		D00CC71D1D272A0F00A0AFE2 /* ViewController.h */ = {isa = PBXFileReference; lastKnownFileType = sourcecode.c.h; path = ViewController.h; sourceTree = "<group>"; };
		D00CC71E1D272A0F00A0AFE2 /* ViewController.m */ = {isa = PBXFileReference; lastKnownFileType = sourcecode.c.objc; path = ViewController.m; sourceTree = "<group>"; };
		D00CC7211D272A0F00A0AFE2 /* Base */ = {isa = PBXFileReference; lastKnownFileType = file.storyboard; name = Base; path = Base.lproj/Main.storyboard; sourceTree = "<group>"; };
		D00CC7231D272A0F00A0AFE2 /* Assets.xcassets */ = {isa = PBXFileReference; lastKnownFileType = folder.assetcatalog; path = Assets.xcassets; sourceTree = "<group>"; };
		D00CC7261D272A0F00A0AFE2 /* Base */ = {isa = PBXFileReference; lastKnownFileType = file.storyboard; name = Base; path = Base.lproj/LaunchScreen.storyboard; sourceTree = "<group>"; };
		D00CC7281D272A0F00A0AFE2 /* Info.plist */ = {isa = PBXFileReference; lastKnownFileType = text.plist.xml; path = Info.plist; sourceTree = "<group>"; };
		D00CC72E1D272A9900A0AFE2 /* ImageViewController.h */ = {isa = PBXFileReference; fileEncoding = 4; lastKnownFileType = sourcecode.c.h; path = ImageViewController.h; sourceTree = "<group>"; };
		D00CC72F1D272A9900A0AFE2 /* ImageViewController.m */ = {isa = PBXFileReference; fileEncoding = 4; lastKnownFileType = sourcecode.c.objc; path = ImageViewController.m; sourceTree = "<group>"; };
/* End PBXFileReference section */

/* Begin PBXFrameworksBuildPhase section */
		D00CC7111D272A0E00A0AFE2 /* Frameworks */ = {
			isa = PBXFrameworksBuildPhase;
			buildActionMask = 2147483647;
			files = (
			);
			runOnlyForDeploymentPostprocessing = 0;
		};
/* End PBXFrameworksBuildPhase section */

/* Begin PBXGroup section */
		D00CC70B1D272A0E00A0AFE2 = {
			isa = PBXGroup;
			children = (
				D00CC7161D272A0F00A0AFE2 /* Imaginarium */,
				D00CC7151D272A0E00A0AFE2 /* Products */,
			);
			sourceTree = "<group>";
		};
		D00CC7151D272A0E00A0AFE2 /* Products */ = {
			isa = PBXGroup;
			children = (
				D00CC7141D272A0E00A0AFE2 /* Imaginarium.app */,
			);
			name = Products;
			sourceTree = "<group>";
		};
		D00CC7161D272A0F00A0AFE2 /* Imaginarium */ = {
			isa = PBXGroup;
			children = (
				D00CC71D1D272A0F00A0AFE2 /* ViewController.h */,
				D00CC71E1D272A0F00A0AFE2 /* ViewController.m */,
				D00CC7201D272A0F00A0AFE2 /* Main.storyboard */,
				D00CC72E1D272A9900A0AFE2 /* ImageViewController.h */,
				D00CC72F1D272A9900A0AFE2 /* ImageViewController.m */,
				D00CC7231D272A0F00A0AFE2 /* Assets.xcassets */,
				D00CC7251D272A0F00A0AFE2 /* LaunchScreen.storyboard */,
				D00CC7281D272A0F00A0AFE2 /* Info.plist */,
				D00CC7171D272A0F00A0AFE2 /* Supporting Files */,
			);
			path = Imaginarium;
			sourceTree = "<group>";
		};
		D00CC7171D272A0F00A0AFE2 /* Supporting Files */ = {
			isa = PBXGroup;
			children = (
				D00CC71A1D272A0F00A0AFE2 /* AppDelegate.h */,
				D00CC71B1D272A0F00A0AFE2 /* AppDelegate.m */,
				D00CC7181D272A0F00A0AFE2 /* main.m */,
			);
			name = "Supporting Files";
			sourceTree = "<group>";
		};
/* End PBXGroup section */

/* Begin PBXNativeTarget section */
		D00CC7131D272A0E00A0AFE2 /* Imaginarium */ = {
			isa = PBXNativeTarget;
			buildConfigurationList = D00CC72B1D272A0F00A0AFE2 /* Build configuration list for PBXNativeTarget "Imaginarium" */;
			buildPhases = (
				D00CC7101D272A0E00A0AFE2 /* Sources */,
				D00CC7111D272A0E00A0AFE2 /* Frameworks */,
				D00CC7121D272A0E00A0AFE2 /* Resources */,
			);
			buildRules = (
			);
			dependencies = (
			);
			name = Imaginarium;
			productName = Imaginarium;
			productReference = D00CC7141D272A0E00A0AFE2 /* Imaginarium.app */;
			productType = "com.apple.product-type.application";
		};
/* End PBXNativeTarget section */

/* Begin PBXProject section */
		D00CC70C1D272A0E00A0AFE2 /* Project object */ = {
			isa = PBXProject;
			attributes = {
				LastUpgradeCheck = 0730;
				ORGANIZATIONNAME = "Justin Lee";
				TargetAttributes = {
					D00CC7131D272A0E00A0AFE2 = {
						CreatedOnToolsVersion = 7.3.1;
						DevelopmentTeam = C52CYTJ47J;
					};
				};
			};
			buildConfigurationList = D00CC70F1D272A0E00A0AFE2 /* Build configuration list for PBXProject "Imaginarium" */;
			compatibilityVersion = "Xcode 3.2";
			developmentRegion = English;
			hasScannedForEncodings = 0;
			knownRegions = (
				en,
				Base,
			);
			mainGroup = D00CC70B1D272A0E00A0AFE2;
			productRefGroup = D00CC7151D272A0E00A0AFE2 /* Products */;
			projectDirPath = "";
			projectRoot = "";
			targets = (
				D00CC7131D272A0E00A0AFE2 /* Imaginarium */,
			);
		};
/* End PBXProject section */

/* Begin PBXResourcesBuildPhase section */
		D00CC7121D272A0E00A0AFE2 /* Resources */ = {
			isa = PBXResourcesBuildPhase;
			buildActionMask = 2147483647;
			files = (
				D00CC7271D272A0F00A0AFE2 /* LaunchScreen.storyboard in Resources */,
				D00CC7241D272A0F00A0AFE2 /* Assets.xcassets in Resources */,
				D00CC7221D272A0F00A0AFE2 /* Main.storyboard in Resources */,
			);
			runOnlyForDeploymentPostprocessing = 0;
		};
/* End PBXResourcesBuildPhase section */

/* Begin PBXSourcesBuildPhase section */
		D00CC7101D272A0E00A0AFE2 /* Sources */ = {
			isa = PBXSourcesBuildPhase;
			buildActionMask = 2147483647;
			files = (
				D00CC71F1D272A0F00A0AFE2 /* ViewController.m in Sources */,
				D00CC71C1D272A0F00A0AFE2 /* AppDelegate.m in Sources */,
				D00CC7301D272A9900A0AFE2 /* ImageViewController.m in Sources */,
				D00CC7191D272A0F00A0AFE2 /* main.m in Sources */,
			);
			runOnlyForDeploymentPostprocessing = 0;
		};
/* End PBXSourcesBuildPhase section */

/* Begin PBXVariantGroup section */
		D00CC7201D272A0F00A0AFE2 /* Main.storyboard */ = {
			isa = PBXVariantGroup;
			children = (
				D00CC7211D272A0F00A0AFE2 /* Base */,
			);
			name = Main.storyboard;
			sourceTree = "<group>";
		};
		D00CC7251D272A0F00A0AFE2 /* LaunchScreen.storyboard */ = {
			isa = PBXVariantGroup;
			children = (
				D00CC7261D272A0F00A0AFE2 /* Base */,
			);
			name = LaunchScreen.storyboard;
			sourceTree = "<group>";
		};
/* End PBXVariantGroup section */

/* Begin XCBuildConfiguration section */
		D00CC7291D272A0F00A0AFE2 /* Debug */ = {
			isa = XCBuildConfiguration;
			buildSettings = {
				ALWAYS_SEARCH_USER_PATHS = NO;
				CLANG_ANALYZER_NONNULL = YES;
				CLANG_CXX_LANGUAGE_STANDARD = "gnu++0x";
				CLANG_CXX_LIBRARY = "libc++";
				CLANG_ENABLE_MODULES = YES;
				CLANG_ENABLE_OBJC_ARC = YES;
				CLANG_WARN_BOOL_CONVERSION = YES;
				CLANG_WARN_CONSTANT_CONVERSION = YES;
				CLANG_WARN_DIRECT_OBJC_ISA_USAGE = YES_ERROR;
				CLANG_WARN_EMPTY_BODY = YES;
				CLANG_WARN_ENUM_CONVERSION = YES;
				CLANG_WARN_INT_CONVERSION = YES;
				CLANG_WARN_OBJC_ROOT_CLASS = YES_ERROR;
				CLANG_WARN_UNREACHABLE_CODE = YES;
				CLANG_WARN__DUPLICATE_METHOD_MATCH = YES;
				"CODE_SIGN_IDENTITY[sdk=iphoneos*]" = "iPhone Developer";
				COPY_PHASE_STRIP = NO;
				DEBUG_INFORMATION_FORMAT = dwarf;
				ENABLE_STRICT_OBJC_MSGSEND = YES;
				ENABLE_TESTABILITY = YES;
				GCC_C_LANGUAGE_STANDARD = gnu99;
				GCC_DYNAMIC_NO_PIC = NO;
				GCC_NO_COMMON_BLOCKS = YES;
				GCC_OPTIMIZATION_LEVEL = 0;
				GCC_PREPROCESSOR_DEFINITIONS = (
					"DEBUG=1",
					"$(inherited)",
				);
				GCC_WARN_64_TO_32_BIT_CONVERSION = YES;
				GCC_WARN_ABOUT_RETURN_TYPE = YES_ERROR;
				GCC_WARN_UNDECLARED_SELECTOR = YES;
				GCC_WARN_UNINITIALIZED_AUTOS = YES_AGGRESSIVE;
				GCC_WARN_UNUSED_FUNCTION = YES;
				GCC_WARN_UNUSED_VARIABLE = YES;
				IPHONEOS_DEPLOYMENT_TARGET = 9.3;
				MTL_ENABLE_DEBUG_INFO = YES;
				ONLY_ACTIVE_ARCH = YES;
				SDKROOT = iphoneos;
			};
			name = Debug;
		};
		D00CC72A1D272A0F00A0AFE2 /* Release */ = {
			isa = XCBuildConfiguration;
			buildSettings = {
				ALWAYS_SEARCH_USER_PATHS = NO;
				CLANG_ANALYZER_NONNULL = YES;
				CLANG_CXX_LANGUAGE_STANDARD = "gnu++0x";
				CLANG_CXX_LIBRARY = "libc++";
				CLANG_ENABLE_MODULES = YES;
				CLANG_ENABLE_OBJC_ARC = YES;
				CLANG_WARN_BOOL_CONVERSION = YES;
				CLANG_WARN_CONSTANT_CONVERSION = YES;
				CLANG_WARN_DIRECT_OBJC_ISA_USAGE = YES_ERROR;
				CLANG_WARN_EMPTY_BODY = YES;
				CLANG_WARN_ENUM_CONVERSION = YES;
				CLANG_WARN_INT_CONVERSION = YES;
				CLANG_WARN_OBJC_ROOT_CLASS = YES_ERROR;
				CLANG_WARN_UNREACHABLE_CODE = YES;
				CLANG_WARN__DUPLICATE_METHOD_MATCH = YES;
				"CODE_SIGN_IDENTITY[sdk=iphoneos*]" = "iPhone Developer";
				COPY_PHASE_STRIP = NO;
				DEBUG_INFORMATION_FORMAT = "dwarf-with-dsym";
				ENABLE_NS_ASSERTIONS = NO;
				ENABLE_STRICT_OBJC_MSGSEND = YES;
				GCC_C_LANGUAGE_STANDARD = gnu99;
				GCC_NO_COMMON_BLOCKS = YES;
				GCC_WARN_64_TO_32_BIT_CONVERSION = YES;
				GCC_WARN_ABOUT_RETURN_TYPE = YES_ERROR;
				GCC_WARN_UNDECLARED_SELECTOR = YES;
				GCC_WARN_UNINITIALIZED_AUTOS = YES_AGGRESSIVE;
				GCC_WARN_UNUSED_FUNCTION = YES;
				GCC_WARN_UNUSED_VARIABLE = YES;
				IPHONEOS_DEPLOYMENT_TARGET = 9.3;
				MTL_ENABLE_DEBUG_INFO = NO;
				SDKROOT = iphoneos;
				VALIDATE_PRODUCT = YES;
			};
			name = Release;
		};
		D00CC72C1D272A0F00A0AFE2 /* Debug */ = {
			isa = XCBuildConfiguration;
			buildSettings = {
				ASSETCATALOG_COMPILER_APPICON_NAME = AppIcon;
				INFOPLIST_FILE = Imaginarium/Info.plist;
				LD_RUNPATH_SEARCH_PATHS = "$(inherited) @executable_path/Frameworks";
				PRODUCT_BUNDLE_IDENTIFIER = "Justin-Lee.Imaginarium";
				PRODUCT_NAME = "$(TARGET_NAME)";
			};
			name = Debug;
		};
		D00CC72D1D272A0F00A0AFE2 /* Release */ = {
			isa = XCBuildConfiguration;
			buildSettings = {
				ASSETCATALOG_COMPILER_APPICON_NAME = AppIcon;
				INFOPLIST_FILE = Imaginarium/Info.plist;
				LD_RUNPATH_SEARCH_PATHS = "$(inherited) @executable_path/Frameworks";
				PRODUCT_BUNDLE_IDENTIFIER = "Justin-Lee.Imaginarium";
				PRODUCT_NAME = "$(TARGET_NAME)";
			};
			name = Release;
		};
/* End XCBuildConfiguration section */

/* Begin XCConfigurationList section */
		D00CC70F1D272A0E00A0AFE2 /* Build configuration list for PBXProject "Imaginarium" */ = {
			isa = XCConfigurationList;
			buildConfigurations = (
				D00CC7291D272A0F00A0AFE2 /* Debug */,
				D00CC72A1D272A0F00A0AFE2 /* Release */,
			);
			defaultConfigurationIsVisible = 0;
			defaultConfigurationName = Release;
		};
		D00CC72B1D272A0F00A0AFE2 /* Build configuration list for PBXNativeTarget "Imaginarium" */ = {
			isa = XCConfigurationList;
			buildConfigurations = (
				D00CC72C1D272A0F00A0AFE2 /* Debug */,
				D00CC72D1D272A0F00A0AFE2 /* Release */,
			);
			defaultConfigurationIsVisible = 0;
		};
/* End XCConfigurationList section */
	};
	rootObject = D00CC70C1D272A0E00A0AFE2 /* Project object */;
}
