// !$*UTF8*$!
{
	archiveVersion = 1;
	classes = {
	};
	objectVersion = 46;
	objects = {

/* Begin PBXBuildFile section */
		D043443C1D1DA96D006BFEEC /* main.m in Sources */ = {isa = PBXBuildFile; fileRef = D043443B1D1DA96D006BFEEC /* main.m */; };
		D043443F1D1DA96D006BFEEC /* AppDelegate.m in Sources */ = {isa = PBXBuildFile; fileRef = D043443E1D1DA96D006BFEEC /* AppDelegate.m */; };
		D04344421D1DA96D006BFEEC /* ViewController.m in Sources */ = {isa = PBXBuildFile; fileRef = D04344411D1DA96D006BFEEC /* ViewController.m */; };
		D04344451D1DA96D006BFEEC /* Main.storyboard in Resources */ = {isa = PBXBuildFile; fileRef = D04344431D1DA96D006BFEEC /* Main.storyboard */; };
		D04344471D1DA96D006BFEEC /* Assets.xcassets in Resources */ = {isa = PBXBuildFile; fileRef = D04344461D1DA96D006BFEEC /* Assets.xcassets */; };
		D043444A1D1DA96D006BFEEC /* LaunchScreen.storyboard in Resources */ = {isa = PBXBuildFile; fileRef = D04344481D1DA96D006BFEEC /* LaunchScreen.storyboard */; };
		D04344531D1DAA77006BFEEC /* PlayingCardView.m in Sources */ = {isa = PBXBuildFile; fileRef = D04344521D1DAA77006BFEEC /* PlayingCardView.m */; };
		D043445F1D1DBEE2006BFEEC /* Card.m in Sources */ = {isa = PBXBuildFile; fileRef = D04344561D1DBEE2006BFEEC /* Card.m */; };
		D04344601D1DBEE2006BFEEC /* CardMatchingGame.m in Sources */ = {isa = PBXBuildFile; fileRef = D04344581D1DBEE2006BFEEC /* CardMatchingGame.m */; };
		D04344611D1DBEE2006BFEEC /* Deck.m in Sources */ = {isa = PBXBuildFile; fileRef = D043445A1D1DBEE2006BFEEC /* Deck.m */; };
		D04344621D1DBEE2006BFEEC /* PlayingCard.m in Sources */ = {isa = PBXBuildFile; fileRef = D043445C1D1DBEE2006BFEEC /* PlayingCard.m */; };
		D04344631D1DBEE2006BFEEC /* PlayingCardDeck.m in Sources */ = {isa = PBXBuildFile; fileRef = D043445E1D1DBEE2006BFEEC /* PlayingCardDeck.m */; };
/* End PBXBuildFile section */

/* Begin PBXFileReference section */
		D04344371D1DA96C006BFEEC /* SuperCard.app */ = {isa = PBXFileReference; explicitFileType = wrapper.application; includeInIndex = 0; path = SuperCard.app; sourceTree = BUILT_PRODUCTS_DIR; };
		D043443B1D1DA96D006BFEEC /* main.m */ = {isa = PBXFileReference; lastKnownFileType = sourcecode.c.objc; path = main.m; sourceTree = "<group>"; };
		D043443D1D1DA96D006BFEEC /* AppDelegate.h */ = {isa = PBXFileReference; lastKnownFileType = sourcecode.c.h; path = AppDelegate.h; sourceTree = "<group>"; };
		D043443E1D1DA96D006BFEEC /* AppDelegate.m */ = {isa = PBXFileReference; lastKnownFileType = sourcecode.c.objc; path = AppDelegate.m; sourceTree = "<group>"; };
		D04344401D1DA96D006BFEEC /* ViewController.h */ = {isa = PBXFileReference; lastKnownFileType = sourcecode.c.h; path = ViewController.h; sourceTree = "<group>"; };
		D04344411D1DA96D006BFEEC /* ViewController.m */ = {isa = PBXFileReference; lastKnownFileType = sourcecode.c.objc; path = ViewController.m; sourceTree = "<group>"; };
		D04344441D1DA96D006BFEEC /* Base */ = {isa = PBXFileReference; lastKnownFileType = file.storyboard; name = Base; path = Base.lproj/Main.storyboard; sourceTree = "<group>"; };
		D04344461D1DA96D006BFEEC /* Assets.xcassets */ = {isa = PBXFileReference; lastKnownFileType = folder.assetcatalog; path = Assets.xcassets; sourceTree = "<group>"; };
		D04344491D1DA96D006BFEEC /* Base */ = {isa = PBXFileReference; lastKnownFileType = file.storyboard; name = Base; path = Base.lproj/LaunchScreen.storyboard; sourceTree = "<group>"; };
		D043444B1D1DA96D006BFEEC /* Info.plist */ = {isa = PBXFileReference; lastKnownFileType = text.plist.xml; path = Info.plist; sourceTree = "<group>"; };
		D04344511D1DAA77006BFEEC /* PlayingCardView.h */ = {isa = PBXFileReference; fileEncoding = 4; lastKnownFileType = sourcecode.c.h; path = PlayingCardView.h; sourceTree = "<group>"; };
		D04344521D1DAA77006BFEEC /* PlayingCardView.m */ = {isa = PBXFileReference; fileEncoding = 4; lastKnownFileType = sourcecode.c.objc; path = PlayingCardView.m; sourceTree = "<group>"; };
		D04344551D1DBEE2006BFEEC /* Card.h */ = {isa = PBXFileReference; fileEncoding = 4; lastKnownFileType = sourcecode.c.h; path = Card.h; sourceTree = "<group>"; };
		D04344561D1DBEE2006BFEEC /* Card.m */ = {isa = PBXFileReference; fileEncoding = 4; lastKnownFileType = sourcecode.c.objc; path = Card.m; sourceTree = "<group>"; };
		D04344571D1DBEE2006BFEEC /* CardMatchingGame.h */ = {isa = PBXFileReference; fileEncoding = 4; lastKnownFileType = sourcecode.c.h; path = CardMatchingGame.h; sourceTree = "<group>"; };
		D04344581D1DBEE2006BFEEC /* CardMatchingGame.m */ = {isa = PBXFileReference; fileEncoding = 4; lastKnownFileType = sourcecode.c.objc; path = CardMatchingGame.m; sourceTree = "<group>"; };
		D04344591D1DBEE2006BFEEC /* Deck.h */ = {isa = PBXFileReference; fileEncoding = 4; lastKnownFileType = sourcecode.c.h; path = Deck.h; sourceTree = "<group>"; };
		D043445A1D1DBEE2006BFEEC /* Deck.m */ = {isa = PBXFileReference; fileEncoding = 4; lastKnownFileType = sourcecode.c.objc; path = Deck.m; sourceTree = "<group>"; };
		D043445B1D1DBEE2006BFEEC /* PlayingCard.h */ = {isa = PBXFileReference; fileEncoding = 4; lastKnownFileType = sourcecode.c.h; path = PlayingCard.h; sourceTree = "<group>"; };
		D043445C1D1DBEE2006BFEEC /* PlayingCard.m */ = {isa = PBXFileReference; fileEncoding = 4; lastKnownFileType = sourcecode.c.objc; path = PlayingCard.m; sourceTree = "<group>"; };
		D043445D1D1DBEE2006BFEEC /* PlayingCardDeck.h */ = {isa = PBXFileReference; fileEncoding = 4; lastKnownFileType = sourcecode.c.h; path = PlayingCardDeck.h; sourceTree = "<group>"; };
		D043445E1D1DBEE2006BFEEC /* PlayingCardDeck.m */ = {isa = PBXFileReference; fileEncoding = 4; lastKnownFileType = sourcecode.c.objc; path = PlayingCardDeck.m; sourceTree = "<group>"; };
/* End PBXFileReference section */

/* Begin PBXFrameworksBuildPhase section */
		D04344341D1DA96C006BFEEC /* Frameworks */ = {
			isa = PBXFrameworksBuildPhase;
			buildActionMask = 2147483647;
			files = (
			);
			runOnlyForDeploymentPostprocessing = 0;
		};
/* End PBXFrameworksBuildPhase section */

/* Begin PBXGroup section */
		D043442E1D1DA96C006BFEEC = {
			isa = PBXGroup;
			children = (
				D04344391D1DA96D006BFEEC /* SuperCard */,
				D04344381D1DA96C006BFEEC /* Products */,
			);
			sourceTree = "<group>";
		};
		D04344381D1DA96C006BFEEC /* Products */ = {
			isa = PBXGroup;
			children = (
				D04344371D1DA96C006BFEEC /* SuperCard.app */,
			);
			name = Products;
			sourceTree = "<group>";
		};
		D04344391D1DA96D006BFEEC /* SuperCard */ = {
			isa = PBXGroup;
			children = (
				D043443D1D1DA96D006BFEEC /* AppDelegate.h */,
				D043443E1D1DA96D006BFEEC /* AppDelegate.m */,
				D04344401D1DA96D006BFEEC /* ViewController.h */,
				D04344411D1DA96D006BFEEC /* ViewController.m */,
				D04344431D1DA96D006BFEEC /* Main.storyboard */,
				D04344511D1DAA77006BFEEC /* PlayingCardView.h */,
				D04344521D1DAA77006BFEEC /* PlayingCardView.m */,
				D04344541D1DBEE2006BFEEC /* Model */,
				D04344461D1DA96D006BFEEC /* Assets.xcassets */,
				D04344481D1DA96D006BFEEC /* LaunchScreen.storyboard */,
				D043444B1D1DA96D006BFEEC /* Info.plist */,
				D043443A1D1DA96D006BFEEC /* Supporting Files */,
			);
			path = SuperCard;
			sourceTree = "<group>";
		};
		D043443A1D1DA96D006BFEEC /* Supporting Files */ = {
			isa = PBXGroup;
			children = (
				D043443B1D1DA96D006BFEEC /* main.m */,
			);
			name = "Supporting Files";
			sourceTree = "<group>";
		};
		D04344541D1DBEE2006BFEEC /* Model */ = {
			isa = PBXGroup;
			children = (
				D04344551D1DBEE2006BFEEC /* Card.h */,
				D04344561D1DBEE2006BFEEC /* Card.m */,
				D04344571D1DBEE2006BFEEC /* CardMatchingGame.h */,
				D04344581D1DBEE2006BFEEC /* CardMatchingGame.m */,
				D04344591D1DBEE2006BFEEC /* Deck.h */,
				D043445A1D1DBEE2006BFEEC /* Deck.m */,
				D043445B1D1DBEE2006BFEEC /* PlayingCard.h */,
				D043445C1D1DBEE2006BFEEC /* PlayingCard.m */,
				D043445D1D1DBEE2006BFEEC /* PlayingCardDeck.h */,
				D043445E1D1DBEE2006BFEEC /* PlayingCardDeck.m */,
			);
			path = Model;
			sourceTree = "<group>";
		};
/* End PBXGroup section */

/* Begin PBXNativeTarget section */
		D04344361D1DA96C006BFEEC /* SuperCard */ = {
			isa = PBXNativeTarget;
			buildConfigurationList = D043444E1D1DA96D006BFEEC /* Build configuration list for PBXNativeTarget "SuperCard" */;
			buildPhases = (
				D04344331D1DA96C006BFEEC /* Sources */,
				D04344341D1DA96C006BFEEC /* Frameworks */,
				D04344351D1DA96C006BFEEC /* Resources */,
			);
			buildRules = (
			);
			dependencies = (
			);
			name = SuperCard;
			productName = SuperCard;
			productReference = D04344371D1DA96C006BFEEC /* SuperCard.app */;
			productType = "com.apple.product-type.application";
		};
/* End PBXNativeTarget section */

/* Begin PBXProject section */
		D043442F1D1DA96C006BFEEC /* Project object */ = {
			isa = PBXProject;
			attributes = {
				LastUpgradeCheck = 0730;
				ORGANIZATIONNAME = "Justin Lee";
				TargetAttributes = {
					D04344361D1DA96C006BFEEC = {
						CreatedOnToolsVersion = 7.3.1;
						DevelopmentTeam = C52CYTJ47J;
					};
				};
			};
			buildConfigurationList = D04344321D1DA96C006BFEEC /* Build configuration list for PBXProject "SuperCard" */;
			compatibilityVersion = "Xcode 3.2";
			developmentRegion = English;
			hasScannedForEncodings = 0;
			knownRegions = (
				en,
				Base,
			);
			mainGroup = D043442E1D1DA96C006BFEEC;
			productRefGroup = D04344381D1DA96C006BFEEC /* Products */;
			projectDirPath = "";
			projectRoot = "";
			targets = (
				D04344361D1DA96C006BFEEC /* SuperCard */,
			);
		};
/* End PBXProject section */

/* Begin PBXResourcesBuildPhase section */
		D04344351D1DA96C006BFEEC /* Resources */ = {
			isa = PBXResourcesBuildPhase;
			buildActionMask = 2147483647;
			files = (
				D043444A1D1DA96D006BFEEC /* LaunchScreen.storyboard in Resources */,
				D04344471D1DA96D006BFEEC /* Assets.xcassets in Resources */,
				D04344451D1DA96D006BFEEC /* Main.storyboard in Resources */,
			);
			runOnlyForDeploymentPostprocessing = 0;
		};
/* End PBXResourcesBuildPhase section */

/* Begin PBXSourcesBuildPhase section */
		D04344331D1DA96C006BFEEC /* Sources */ = {
			isa = PBXSourcesBuildPhase;
			buildActionMask = 2147483647;
			files = (
				D04344601D1DBEE2006BFEEC /* CardMatchingGame.m in Sources */,
				D04344631D1DBEE2006BFEEC /* PlayingCardDeck.m in Sources */,
				D04344611D1DBEE2006BFEEC /* Deck.m in Sources */,
				D043445F1D1DBEE2006BFEEC /* Card.m in Sources */,
				D04344421D1DA96D006BFEEC /* ViewController.m in Sources */,
				D04344531D1DAA77006BFEEC /* PlayingCardView.m in Sources */,
				D043443F1D1DA96D006BFEEC /* AppDelegate.m in Sources */,
				D04344621D1DBEE2006BFEEC /* PlayingCard.m in Sources */,
				D043443C1D1DA96D006BFEEC /* main.m in Sources */,
			);
			runOnlyForDeploymentPostprocessing = 0;
		};
/* End PBXSourcesBuildPhase section */

/* Begin PBXVariantGroup section */
		D04344431D1DA96D006BFEEC /* Main.storyboard */ = {
			isa = PBXVariantGroup;
			children = (
				D04344441D1DA96D006BFEEC /* Base */,
			);
			name = Main.storyboard;
			sourceTree = "<group>";
		};
		D04344481D1DA96D006BFEEC /* LaunchScreen.storyboard */ = {
			isa = PBXVariantGroup;
			children = (
				D04344491D1DA96D006BFEEC /* Base */,
			);
			name = LaunchScreen.storyboard;
			sourceTree = "<group>";
		};
/* End PBXVariantGroup section */

/* Begin XCBuildConfiguration section */
		D043444C1D1DA96D006BFEEC /* Debug */ = {
			isa = XCBuildConfiguration;
			buildSettings = {
				ALWAYS_SEARCH_USER_PATHS = NO;
				CLANG_ANALYZER_NONNULL = YES;
				CLANG_CXX_LANGUAGE_STANDARD = "gnu++0x";
				CLANG_CXX_LIBRARY = "libc++";
				CLANG_ENABLE_MODULES = YES;
				CLANG_ENABLE_OBJC_ARC = YES;
				CLANG_WARN_BOOL_CONVERSION = YES;
				CLANG_WARN_CONSTANT_CONVERSION = YES;
				CLANG_WARN_DIRECT_OBJC_ISA_USAGE = YES_ERROR;
				CLANG_WARN_EMPTY_BODY = YES;
				CLANG_WARN_ENUM_CONVERSION = YES;
				CLANG_WARN_INT_CONVERSION = YES;
				CLANG_WARN_OBJC_ROOT_CLASS = YES_ERROR;
				CLANG_WARN_UNREACHABLE_CODE = YES;
				CLANG_WARN__DUPLICATE_METHOD_MATCH = YES;
				"CODE_SIGN_IDENTITY[sdk=iphoneos*]" = "iPhone Developer";
				COPY_PHASE_STRIP = NO;
				DEBUG_INFORMATION_FORMAT = dwarf;
				ENABLE_STRICT_OBJC_MSGSEND = YES;
				ENABLE_TESTABILITY = YES;
				GCC_C_LANGUAGE_STANDARD = gnu99;
				GCC_DYNAMIC_NO_PIC = NO;
				GCC_NO_COMMON_BLOCKS = YES;
				GCC_OPTIMIZATION_LEVEL = 0;
				GCC_PREPROCESSOR_DEFINITIONS = (
					"DEBUG=1",
					"$(inherited)",
				);
				GCC_WARN_64_TO_32_BIT_CONVERSION = YES;
				GCC_WARN_ABOUT_RETURN_TYPE = YES_ERROR;
				GCC_WARN_UNDECLARED_SELECTOR = YES;
				GCC_WARN_UNINITIALIZED_AUTOS = YES_AGGRESSIVE;
				GCC_WARN_UNUSED_FUNCTION = YES;
				GCC_WARN_UNUSED_VARIABLE = YES;
				IPHONEOS_DEPLOYMENT_TARGET = 9.3;
				MTL_ENABLE_DEBUG_INFO = YES;
				ONLY_ACTIVE_ARCH = YES;
				SDKROOT = iphoneos;
			};
			name = Debug;
		};
		D043444D1D1DA96D006BFEEC /* Release */ = {
			isa = XCBuildConfiguration;
			buildSettings = {
				ALWAYS_SEARCH_USER_PATHS = NO;
				CLANG_ANALYZER_NONNULL = YES;
				CLANG_CXX_LANGUAGE_STANDARD = "gnu++0x";
				CLANG_CXX_LIBRARY = "libc++";
				CLANG_ENABLE_MODULES = YES;
				CLANG_ENABLE_OBJC_ARC = YES;
				CLANG_WARN_BOOL_CONVERSION = YES;
				CLANG_WARN_CONSTANT_CONVERSION = YES;
				CLANG_WARN_DIRECT_OBJC_ISA_USAGE = YES_ERROR;
				CLANG_WARN_EMPTY_BODY = YES;
				CLANG_WARN_ENUM_CONVERSION = YES;
				CLANG_WARN_INT_CONVERSION = YES;
				CLANG_WARN_OBJC_ROOT_CLASS = YES_ERROR;
				CLANG_WARN_UNREACHABLE_CODE = YES;
				CLANG_WARN__DUPLICATE_METHOD_MATCH = YES;
				"CODE_SIGN_IDENTITY[sdk=iphoneos*]" = "iPhone Developer";
				COPY_PHASE_STRIP = NO;
				DEBUG_INFORMATION_FORMAT = "dwarf-with-dsym";
				ENABLE_NS_ASSERTIONS = NO;
				ENABLE_STRICT_OBJC_MSGSEND = YES;
				GCC_C_LANGUAGE_STANDARD = gnu99;
				GCC_NO_COMMON_BLOCKS = YES;
				GCC_WARN_64_TO_32_BIT_CONVERSION = YES;
				GCC_WARN_ABOUT_RETURN_TYPE = YES_ERROR;
				GCC_WARN_UNDECLARED_SELECTOR = YES;
				GCC_WARN_UNINITIALIZED_AUTOS = YES_AGGRESSIVE;
				GCC_WARN_UNUSED_FUNCTION = YES;
				GCC_WARN_UNUSED_VARIABLE = YES;
				IPHONEOS_DEPLOYMENT_TARGET = 9.3;
				MTL_ENABLE_DEBUG_INFO = NO;
				SDKROOT = iphoneos;
				VALIDATE_PRODUCT = YES;
			};
			name = Release;
		};
		D043444F1D1DA96D006BFEEC /* Debug */ = {
			isa = XCBuildConfiguration;
			buildSettings = {
				ASSETCATALOG_COMPILER_APPICON_NAME = AppIcon;
				INFOPLIST_FILE = SuperCard/Info.plist;
				LD_RUNPATH_SEARCH_PATHS = "$(inherited) @executable_path/Frameworks";
				PRODUCT_BUNDLE_IDENTIFIER = "Justin-Lee.SuperCard";
				PRODUCT_NAME = "$(TARGET_NAME)";
			};
			name = Debug;
		};
		D04344501D1DA96D006BFEEC /* Release */ = {
			isa = XCBuildConfiguration;
			buildSettings = {
				ASSETCATALOG_COMPILER_APPICON_NAME = AppIcon;
				INFOPLIST_FILE = SuperCard/Info.plist;
				LD_RUNPATH_SEARCH_PATHS = "$(inherited) @executable_path/Frameworks";
				PRODUCT_BUNDLE_IDENTIFIER = "Justin-Lee.SuperCard";
				PRODUCT_NAME = "$(TARGET_NAME)";
			};
			name = Release;
		};
/* End XCBuildConfiguration section */

/* Begin XCConfigurationList section */
		D04344321D1DA96C006BFEEC /* Build configuration list for PBXProject "SuperCard" */ = {
			isa = XCConfigurationList;
			buildConfigurations = (
				D043444C1D1DA96D006BFEEC /* Debug */,
				D043444D1D1DA96D006BFEEC /* Release */,
			);
			defaultConfigurationIsVisible = 0;
			defaultConfigurationName = Release;
		};
		D043444E1D1DA96D006BFEEC /* Build configuration list for PBXNativeTarget "SuperCard" */ = {
			isa = XCConfigurationList;
			buildConfigurations = (
				D043444F1D1DA96D006BFEEC /* Debug */,
				D04344501D1DA96D006BFEEC /* Release */,
			);
			defaultConfigurationIsVisible = 0;
		};
/* End XCConfigurationList section */
	};
	rootObject = D043442F1D1DA96C006BFEEC /* Project object */;
}
